
Microsoft Visual Studio Solution File, Format Version 12.00
# Visual Studio 15
VisualStudioVersion = 15.0.28010.2048
MinimumVisualStudioVersion = 10.0.40219.1
Project("{FAE04EC0-301F-11D3-BF4B-00C04F79EFBC}") = "BotWars2Server", "BotWars2Server\BotWars2Server.csproj", "{6FE03143-FD23-41C4-AE59-FEDF44EEFDA8}"
EndProject
Project("{FAE04EC0-301F-11D3-BF4B-00C04F79EFBC}") = "BotWars2Server.Tests", "BotWars2Server.Tests\BotWars2Server.Tests.csproj", "{1103C75B-3BEB-4111-876F-E2E83A248E3D}"
EndProject
Global
	GlobalSection(SolutionConfigurationPlatforms) = preSolution
		Debug|Any CPU = Debug|Any CPU
		Release|Any CPU = Release|Any CPU
	EndGlobalSection
	GlobalSection(ProjectConfigurationPlatforms) = postSolution
		{6FE03143-FD23-41C4-AE59-FEDF44EEFDA8}.Debug|Any CPU.ActiveCfg = Debug|Any CPU
		{6FE03143-FD23-41C4-AE59-FEDF44EEFDA8}.Debug|Any CPU.Build.0 = Debug|Any CPU
		{6FE03143-FD23-41C4-AE59-FEDF44EEFDA8}.Release|Any CPU.ActiveCfg = Release|Any CPU
		{6FE03143-FD23-41C4-AE59-FEDF44EEFDA8}.Release|Any CPU.Build.0 = Release|Any CPU
		{1103C75B-3BEB-4111-876F-E2E83A248E3D}.Debug|Any CPU.ActiveCfg = Debug|Any CPU
		{1103C75B-3BEB-4111-876F-E2E83A248E3D}.Debug|Any CPU.Build.0 = Debug|Any CPU
		{1103C75B-3BEB-4111-876F-E2E83A248E3D}.Release|Any CPU.ActiveCfg = Release|Any CPU
		{1103C75B-3BEB-4111-876F-E2E83A248E3D}.Release|Any CPU.Build.0 = Release|Any CPU
	EndGlobalSection
	GlobalSection(SolutionProperties) = preSolution
		HideSolutionNode = FALSE
	EndGlobalSection
	GlobalSection(ExtensibilityGlobals) = postSolution
		SolutionGuid = {3350D294-AED1-4366-B4F8-481843E089C9}
	EndGlobalSection
EndGlobal
